
Microsoft Visual Studio Solution File, Format Version 12.00
# Visual Studio Version 17
VisualStudioVersion = 17.0.31903.59
MinimumVisualStudioVersion = 10.0.40219.1
Project("{2150E333-8FDC-42A3-9474-1A3956D46DE8}") = "src", "src", "{827E0CD3-B72D-47B6-A68D-7590B98EB39B}"
EndProject
Project("{FAE04EC0-301F-11D3-BF4B-00C04F79EFBC}") = "Todo.App", "src\Todo.App\Todo.App.csproj", "{469CED34-62B4-40D8-BF02-288974ACAE6B}"
EndProject
Project("{FAE04EC0-301F-11D3-BF4B-00C04F79EFBC}") = "Todo.Common", "src\Todo.Common\Todo.Common.csproj", "{9BF30669-AE7E-4DC0-8513-8EC420678E3E}"
EndProject
Project("{2150E333-8FDC-42A3-9474-1A3956D46DE8}") = "test", "test", "{0C88DD14-F956-CE84-757C-A364CCF449FC}"
EndProject
Project("{FAE04EC0-301F-11D3-BF4B-00C04F79EFBC}") = "Todo.Test", "test\Todo.Test\Todo.Test.csproj", "{44AC613C-075E-45EA-AEA0-38F842DCF1E9}"
EndProject
Global
	GlobalSection(SolutionConfigurationPlatforms) = preSolution
		Debug|Any CPU = Debug|Any CPU
		Debug|x64 = Debug|x64
		Debug|x86 = Debug|x86
		Release|Any CPU = Release|Any CPU
		Release|x64 = Release|x64
		Release|x86 = Release|x86
	EndGlobalSection
	GlobalSection(ProjectConfigurationPlatforms) = postSolution
		{469CED34-62B4-40D8-BF02-288974ACAE6B}.Debug|Any CPU.ActiveCfg = Debug|Any CPU
		{469CED34-62B4-40D8-BF02-288974ACAE6B}.Debug|Any CPU.Build.0 = Debug|Any CPU
		{469CED34-62B4-40D8-BF02-288974ACAE6B}.Debug|x64.ActiveCfg = Debug|Any CPU
		{469CED34-62B4-40D8-BF02-288974ACAE6B}.Debug|x64.Build.0 = Debug|Any CPU
		{469CED34-62B4-40D8-BF02-288974ACAE6B}.Debug|x86.ActiveCfg = Debug|Any CPU
		{469CED34-62B4-40D8-BF02-288974ACAE6B}.Debug|x86.Build.0 = Debug|Any CPU
		{469CED34-62B4-40D8-BF02-288974ACAE6B}.Release|Any CPU.ActiveCfg = Release|Any CPU
		{469CED34-62B4-40D8-BF02-288974ACAE6B}.Release|Any CPU.Build.0 = Release|Any CPU
		{469CED34-62B4-40D8-BF02-288974ACAE6B}.Release|x64.ActiveCfg = Release|Any CPU
		{469CED34-62B4-40D8-BF02-288974ACAE6B}.Release|x64.Build.0 = Release|Any CPU
		{469CED34-62B4-40D8-BF02-288974ACAE6B}.Release|x86.ActiveCfg = Release|Any CPU
		{469CED34-62B4-40D8-BF02-288974ACAE6B}.Release|x86.Build.0 = Release|Any CPU
		{9BF30669-AE7E-4DC0-8513-8EC420678E3E}.Debug|Any CPU.ActiveCfg = Debug|Any CPU
		{9BF30669-AE7E-4DC0-8513-8EC420678E3E}.Debug|Any CPU.Build.0 = Debug|Any CPU
		{9BF30669-AE7E-4DC0-8513-8EC420678E3E}.Debug|x64.ActiveCfg = Debug|Any CPU
		{9BF30669-AE7E-4DC0-8513-8EC420678E3E}.Debug|x64.Build.0 = Debug|Any CPU
		{9BF30669-AE7E-4DC0-8513-8EC420678E3E}.Debug|x86.ActiveCfg = Debug|Any CPU
		{9BF30669-AE7E-4DC0-8513-8EC420678E3E}.Debug|x86.Build.0 = Debug|Any CPU
		{9BF30669-AE7E-4DC0-8513-8EC420678E3E}.Release|Any CPU.ActiveCfg = Release|Any CPU
		{9BF30669-AE7E-4DC0-8513-8EC420678E3E}.Release|Any CPU.Build.0 = Release|Any CPU
		{9BF30669-AE7E-4DC0-8513-8EC420678E3E}.Release|x64.ActiveCfg = Release|Any CPU
		{9BF30669-AE7E-4DC0-8513-8EC420678E3E}.Release|x64.Build.0 = Release|Any CPU
		{9BF30669-AE7E-4DC0-8513-8EC420678E3E}.Release|x86.ActiveCfg = Release|Any CPU
		{9BF30669-AE7E-4DC0-8513-8EC420678E3E}.Release|x86.Build.0 = Release|Any CPU
		{44AC613C-075E-45EA-AEA0-38F842DCF1E9}.Debug|Any CPU.ActiveCfg = Debug|Any CPU
		{44AC613C-075E-45EA-AEA0-38F842DCF1E9}.Debug|Any CPU.Build.0 = Debug|Any CPU
		{44AC613C-075E-45EA-AEA0-38F842DCF1E9}.Debug|x64.ActiveCfg = Debug|Any CPU
		{44AC613C-075E-45EA-AEA0-38F842DCF1E9}.Debug|x64.Build.0 = Debug|Any CPU
		{44AC613C-075E-45EA-AEA0-38F842DCF1E9}.Debug|x86.ActiveCfg = Debug|Any CPU
		{44AC613C-075E-45EA-AEA0-38F842DCF1E9}.Debug|x86.Build.0 = Debug|Any CPU
		{44AC613C-075E-45EA-AEA0-38F842DCF1E9}.Release|Any CPU.ActiveCfg = Release|Any CPU
		{44AC613C-075E-45EA-AEA0-38F842DCF1E9}.Release|Any CPU.Build.0 = Release|Any CPU
		{44AC613C-075E-45EA-AEA0-38F842DCF1E9}.Release|x64.ActiveCfg = Release|Any CPU
		{44AC613C-075E-45EA-AEA0-38F842DCF1E9}.Release|x64.Build.0 = Release|Any CPU
		{44AC613C-075E-45EA-AEA0-38F842DCF1E9}.Release|x86.ActiveCfg = Release|Any CPU
		{44AC613C-075E-45EA-AEA0-38F842DCF1E9}.Release|x86.Build.0 = Release|Any CPU
	EndGlobalSection
	GlobalSection(SolutionProperties) = preSolution
		HideSolutionNode = FALSE
	EndGlobalSection
	GlobalSection(NestedProjects) = preSolution
		{469CED34-62B4-40D8-BF02-288974ACAE6B} = {827E0CD3-B72D-47B6-A68D-7590B98EB39B}
		{9BF30669-AE7E-4DC0-8513-8EC420678E3E} = {827E0CD3-B72D-47B6-A68D-7590B98EB39B}
		{44AC613C-075E-45EA-AEA0-38F842DCF1E9} = {0C88DD14-F956-CE84-757C-A364CCF449FC}
	EndGlobalSection
EndGlobal
